
Microsoft Visual Studio Solution File, Format Version 12.00
# Visual Studio Version 17
VisualStudioVersion = 17.10.35027.167
MinimumVisualStudioVersion = 10.0.40219.1
Project("{FAE04EC0-301F-11D3-BF4B-00C04F79EFBC}") = "Telega_Bot", "Telega_Bot.csproj", "{4A534D77-DD32-4E66-96D5-5A28AE11E925}"
EndProject
Global
	GlobalSection(SolutionConfigurationPlatforms) = preSolution
		Debug|Any CPU = Debug|Any CPU
		Release|Any CPU = Release|Any CPU
	EndGlobalSection
	GlobalSection(ProjectConfigurationPlatforms) = postSolution
		{4A534D77-DD32-4E66-96D5-5A28AE11E925}.Debug|Any CPU.ActiveCfg = Debug|Any CPU
		{4A534D77-DD32-4E66-96D5-5A28AE11E925}.Debug|Any CPU.Build.0 = Debug|Any CPU
		{4A534D77-DD32-4E66-96D5-5A28AE11E925}.Release|Any CPU.ActiveCfg = Release|Any CPU
		{4A534D77-DD32-4E66-96D5-5A28AE11E925}.Release|Any CPU.Build.0 = Release|Any CPU
	EndGlobalSection
	GlobalSection(SolutionProperties) = preSolution
		HideSolutionNode = FALSE
	EndGlobalSection
	GlobalSection(ExtensibilityGlobals) = postSolution
		SolutionGuid = {BDDBDC5E-42C5-4DFB-B324-5406618FE21D}
	EndGlobalSection
EndGlobal
